
Microsoft Visual Studio Solution File, Format Version 12.00
# Visual Studio Version 16
VisualStudioVersion = 16.0.29709.97
MinimumVisualStudioVersion = 10.0.40219.1
Project("{9A19103F-16F7-4668-BE54-9A1E7A4F7556}") = "EmployeeManagement", "EmployeeManagement\EmployeeManagement.csproj", "{1BFBACC9-E6A0-460E-8A14-33FE61D193B1}"
EndProject
Project("{FAE04EC0-301F-11D3-BF4B-00C04F79EFBC}") = "EmployeeManagement.DataAccessLayer", "EmployeeManagement.DataAccessLayer\EmployeeManagement.DataAccessLayer.csproj", "{CE2F1595-947B-4DD9-B390-DF545EE34A77}"
EndProject
Global
	GlobalSection(SolutionConfigurationPlatforms) = preSolution
		Debug|Any CPU = Debug|Any CPU
		Release|Any CPU = Release|Any CPU
	EndGlobalSection
	GlobalSection(ProjectConfigurationPlatforms) = postSolution
		{1BFBACC9-E6A0-460E-8A14-33FE61D193B1}.Debug|Any CPU.ActiveCfg = Debug|Any CPU
		{1BFBACC9-E6A0-460E-8A14-33FE61D193B1}.Debug|Any CPU.Build.0 = Debug|Any CPU
		{1BFBACC9-E6A0-460E-8A14-33FE61D193B1}.Release|Any CPU.ActiveCfg = Release|Any CPU
		{1BFBACC9-E6A0-460E-8A14-33FE61D193B1}.Release|Any CPU.Build.0 = Release|Any CPU
		{CE2F1595-947B-4DD9-B390-DF545EE34A77}.Debug|Any CPU.ActiveCfg = Debug|Any CPU
		{CE2F1595-947B-4DD9-B390-DF545EE34A77}.Debug|Any CPU.Build.0 = Debug|Any CPU
		{CE2F1595-947B-4DD9-B390-DF545EE34A77}.Release|Any CPU.ActiveCfg = Release|Any CPU
		{CE2F1595-947B-4DD9-B390-DF545EE34A77}.Release|Any CPU.Build.0 = Release|Any CPU
	EndGlobalSection
	GlobalSection(SolutionProperties) = preSolution
		HideSolutionNode = FALSE
	EndGlobalSection
	GlobalSection(ExtensibilityGlobals) = postSolution
		SolutionGuid = {15EEA89E-6947-4CCB-BC00-180309606468}
	EndGlobalSection
EndGlobal
